dependencies:
- name: common
  repository: https://charts.bitnami.com/bitnami/
  version: 1.17.1
- name: mongodb
  repository: https://charts.bitnami.com/bitnami/
  version: 12.1.31
digest: sha256:ab491affe1cac5cbb2274c3636d508945f2f17b8c53ec979d1cafec0b4d2bd5f
generated: "2023-07-03T01:57:15.377509579Z"
