dependencies:
- name: common
  repository: https://charts.bitnami.com/bitnami/
  version: 2.6.0
- name: mongodb
  repository: https://charts.bitnami.com/bitnami/
  version: 12.1.31
digest: sha256:f6eeddd9f2949f389b4cc0fe2005b9b79701d30a6ba5451fafac5dc2c23a580a
generated: "2023-07-05T01:56:54.567643912Z"
