dependencies:
- name: common
  repository: https://charts.bitnami.com/bitnami/
  version: 1.16.1
- name: mongodb
  repository: https://charts.bitnami.com/bitnami/
  version: 13.16.0
digest: sha256:4e78bc0c373b9a79b7ac569a8a168353c7f52ac3ad4e1537dae2ef5b2eed190e
generated: "2023-07-19T02:55:38.216535504Z"
