dependencies:
- name: common
  repository: https://charts.bitnami.com/bitnami/
  version: 1.16.1
- name: mariadb
  repository: https://charts.bitnami.com/bitnami/
  version: 11.1.0
- name: postgresql
  repository: https://charts.bitnami.com/bitnami/
  version: 12.6.0
digest: sha256:3428a073190bd2a1192933c79a835898abef2dee206b225804e70c34b8e6653a
generated: "2023-06-30T01:51:51.930195407Z"
