dependencies:
- name: common
  repository: https://charts.bitnami.com/bitnami/
  version: 1.16.1
- name: mariadb
  repository: https://charts.bitnami.com/bitnami/
  version: 11.1.0
- name: postgresql
  repository: https://charts.bitnami.com/bitnami/
  version: 11.9.13
digest: sha256:adc4256e360c219806a56f37f1fe7f6caeabfde75c5b7a92835c6813816640b3
generated: "2022-10-27T02:21:18.849150133Z"
