dependencies:
- name: common
  repository: https://charts.bitnami.com/bitnami/
  version: 2.6.0
- name: mariadb
  repository: https://charts.bitnami.com/bitnami/
  version: 11.1.0
digest: sha256:1c596064749ab9fad00ef15952553dbdbd02772f4b80b6ee8322bdeacd4e8ff6
generated: "2023-07-05T01:57:54.223815257Z"
