dependencies:
- name: common
  repository: https://charts.bitnami.com/bitnami/
  version: 1.17.1
- name: mariadb
  repository: https://charts.bitnami.com/bitnami/
  version: 11.1.0
digest: sha256:4f2f1fa9294bb5c773edd3564352fff8a762f360cb38deba4067fa325f465f49
generated: "2023-07-03T01:58:04.989773832Z"
