dependencies:
- name: common
  repository: https://charts.bitnami.com/bitnami/
  version: 1.16.1
- name: mariadb
  repository: https://charts.bitnami.com/bitnami/
  version: 11.5.7
digest: sha256:acecbf3d9ee636bec14fb3b4a1c4d30dc6b6a8287e62a58b5481df3ed67248ae
generated: "2023-07-03T01:58:20.13706174Z"
